<?xml version="1.0" encoding="utf-8"?>
<Project ToolsVersion="4.0" xmlns="http://schemas.microsoft.com/developer/msbuild/2003">
  <ItemGroup>
    <Filter Include="소스 파일">
      <UniqueIdentifier>{4FC737F1-C7A5-4376-A066-2A32D752A2FF}</UniqueIdentifier>
      <Extensions>cpp;c;cc;cxx;def;odl;idl;hpj;bat;asm;asmx</Extensions>
    </Filter>
    <Filter Include="헤더 파일">
      <UniqueIdentifier>{93995380-89BD-4b04-88EB-625FBE52EBFB}</UniqueIdentifier>
      <Extensions>h;hh;hpp;hxx;hm;inl;inc;ipp;xsd</Extensions>
    </Filter>
    <Filter Include="리소스 파일">
      <UniqueIdentifier>{67DA6AB6-F800-4c08-8B7A-83BB121AAD01}</UniqueIdentifier>
      <Extensions>rc;ico;cur;bmp;dlg;rc2;rct;bin;rgs;gif;jpg;jpeg;jpe;resx;tiff;tif;png;wav;mfcribbon-ms</Extensions>
    </Filter>
    <Filter Include="소스 파일\KAKAO">
      <UniqueIdentifier>{c994cdcc-84b6-4f3d-8c5e-6a07bedce1c5}</UniqueIdentifier>
    </Filter>
    <Filter Include="소스 파일\SWEA">
      <UniqueIdentifier>{5ab114b5-d3a2-4ef2-ab5c-1c4759f81722}</UniqueIdentifier>
    </Filter>
    <Filter Include="소스 파일\BOJ">
      <UniqueIdentifier>{5bd5a96e-84a9-4452-a0c5-a90cb4629c9e}</UniqueIdentifier>
    </Filter>
    <Filter Include="소스 파일\PGM">
      <UniqueIdentifier>{2a470e06-743f-4f40-a356-a09cff0ea64b}</UniqueIdentifier>
    </Filter>
    <Filter Include="소스 파일\Algorithm">
      <UniqueIdentifier>{b8ff7d66-4412-48ff-bdda-bf54195ba21b}</UniqueIdentifier>
    </Filter>
  </ItemGroup>
  <ItemGroup>
    <ClCompile Include="BOJ_9120_Oulipo.cpp">
      <Filter>소스 파일\BOJ</Filter>
    </ClCompile>
    <ClCompile Include="BOJ_3033_가장 긴 문자열.cpp">
      <Filter>소스 파일\BOJ</Filter>
    </ClCompile>
    <ClCompile Include="BOJ_1305_광고.cpp">
      <Filter>소스 파일\BOJ</Filter>
    </ClCompile>
    <ClCompile Include="BOJ_1701_Cubeditor.cpp">
      <Filter>소스 파일\BOJ</Filter>
    </ClCompile>
    <ClCompile Include="BOJ_1786_찾기.cpp">
      <Filter>소스 파일\BOJ</Filter>
    </ClCompile>
    <ClCompile Include="BOJ_11585_속타는 저녁 메뉴.cpp">
      <Filter>소스 파일\BOJ</Filter>
    </ClCompile>
    <ClCompile Include="BOJ_3779_주기.cpp">
      <Filter>소스 파일\BOJ</Filter>
    </ClCompile>
    <ClCompile Include="20상_KAKAO_1.cpp">
      <Filter>소스 파일\KAKAO</Filter>
    </ClCompile>
    <ClCompile Include="20상_KAKAO_2.cpp">
      <Filter>소스 파일\KAKAO</Filter>
    </ClCompile>
    <ClCompile Include="BOJ_13460_구슬 탈출 2.cpp">
      <Filter>소스 파일\BOJ</Filter>
    </ClCompile>
    <ClCompile Include="BOJ_9935_문자열 폭발.cpp">
      <Filter>소스 파일\BOJ</Filter>
    </ClCompile>
    <ClCompile Include="BOJ_6198_옥상 정원 꾸미기.cpp">
      <Filter>소스 파일\BOJ</Filter>
    </ClCompile>
    <ClCompile Include="BOJ_14502_연구소.cpp">
      <Filter>소스 파일\BOJ</Filter>
    </ClCompile>
    <ClCompile Include="BOJ_5052_전화번호 목록.cpp">
      <Filter>소스 파일\BOJ</Filter>
    </ClCompile>
    <ClCompile Include="BOJ_1978_소수 찾기.cpp">
      <Filter>소스 파일\BOJ</Filter>
    </ClCompile>
    <ClCompile Include="BOJ_1912_연속 합.cpp">
      <Filter>소스 파일\BOJ</Filter>
    </ClCompile>
    <ClCompile Include="BOJ_1085_직사각형에서 탈출.cpp">
      <Filter>소스 파일\BOJ</Filter>
    </ClCompile>
    <ClCompile Include="BOJ_1712_손익분기점.cpp">
      <Filter>소스 파일\BOJ</Filter>
    </ClCompile>
    <ClCompile Include="BOJ_2869_달팽이는 올라가고 싶다.cpp">
      <Filter>소스 파일\BOJ</Filter>
    </ClCompile>
    <ClCompile Include="BOJ_2582_동전 뒤집기.cpp">
      <Filter>소스 파일\BOJ</Filter>
    </ClCompile>
    <ClCompile Include="BOJ_4195_친구네트워크.cpp">
      <Filter>소스 파일\BOJ</Filter>
    </ClCompile>
    <ClCompile Include="BOJ_1920_수 찾기.cpp">
      <Filter>소스 파일\BOJ</Filter>
    </ClCompile>
    <ClCompile Include="BOJ_9663_N-Queen.cpp">
      <Filter>소스 파일\BOJ</Filter>
    </ClCompile>
    <ClCompile Include="BOJ_2805_나무 자르기.cpp">
      <Filter>소스 파일\BOJ</Filter>
    </ClCompile>
    <ClCompile Include="BOJ_17141_연구소2.cpp">
      <Filter>소스 파일\BOJ</Filter>
    </ClCompile>
    <ClCompile Include="BOJ_17142_연구소3.cpp">
      <Filter>소스 파일\BOJ</Filter>
    </ClCompile>
    <ClCompile Include="BOJ_10815_숫자 카드.cpp">
      <Filter>소스 파일\BOJ</Filter>
    </ClCompile>
    <ClCompile Include="BOJ_1654_랜선 자르기.cpp">
      <Filter>소스 파일\BOJ</Filter>
    </ClCompile>
    <ClCompile Include="BOJ_10816_숫자 카드2.cpp">
      <Filter>소스 파일\BOJ</Filter>
    </ClCompile>
    <ClCompile Include="BOJ_17143_낚시왕.cpp">
      <Filter>소스 파일\BOJ</Filter>
    </ClCompile>
    <ClCompile Include="BOJ_14503_로봇 청소기.cpp">
      <Filter>소스 파일\BOJ</Filter>
    </ClCompile>
    <ClCompile Include="BOJ_2668_숫자고르기.cpp">
      <Filter>소스 파일\BOJ</Filter>
    </ClCompile>
    <ClCompile Include="BOJ_14888_연산자 끼워넣기.cpp">
      <Filter>소스 파일\BOJ</Filter>
    </ClCompile>
    <ClCompile Include="BOJ_17144_미세먼지 안녕.cpp">
      <Filter>소스 파일\BOJ</Filter>
    </ClCompile>
    <ClCompile Include="BOJ_14501_퇴사.cpp">
      <Filter>소스 파일\BOJ</Filter>
    </ClCompile>
    <ClCompile Include="BOJ_14891_톱니바퀴.cpp">
      <Filter>소스 파일\BOJ</Filter>
    </ClCompile>
    <ClCompile Include="BOJ_14890_경사로.cpp">
      <Filter>소스 파일\BOJ</Filter>
    </ClCompile>
    <ClCompile Include="BOJ_11399_ATM.cpp">
      <Filter>소스 파일\BOJ</Filter>
    </ClCompile>
    <ClCompile Include="BOJ_1149_RGB거리.cpp">
      <Filter>소스 파일\BOJ</Filter>
    </ClCompile>
    <ClCompile Include="SWEA_9088_다이아몬드.cpp">
      <Filter>소스 파일\SWEA</Filter>
    </ClCompile>
    <ClCompile Include="SWEA_8993_하지추측.cpp">
      <Filter>소스 파일\SWEA</Filter>
    </ClCompile>
    <ClCompile Include="BOJ_14890_경사로(2).cpp">
      <Filter>소스 파일\BOJ</Filter>
    </ClCompile>
    <ClCompile Include="BOJ_1463_1로 만들기.cpp">
      <Filter>소스 파일\BOJ</Filter>
    </ClCompile>
    <ClCompile Include="SWEA_1244_최대 상금.cpp">
      <Filter>소스 파일\SWEA</Filter>
    </ClCompile>
    <ClCompile Include="BOJ_16236_아기 상어.cpp">
      <Filter>소스 파일\BOJ</Filter>
    </ClCompile>
    <ClCompile Include="BOJ_2579_계단 오르기.cpp">
      <Filter>소스 파일\BOJ</Filter>
    </ClCompile>
    <ClCompile Include="BOJ_2193_이친수.cpp">
      <Filter>소스 파일\BOJ</Filter>
    </ClCompile>
    <ClCompile Include="BOJ_2156_포도주 시식.cpp">
      <Filter>소스 파일\BOJ</Filter>
    </ClCompile>
    <ClCompile Include="BOJ_11726_2xn 타일링.cpp">
      <Filter>소스 파일\BOJ</Filter>
    </ClCompile>
    <ClCompile Include="BOJ__암호해독가최백준.cpp">
      <Filter>소스 파일\BOJ</Filter>
    </ClCompile>
    <ClCompile Include="BOJ_1932_정수 삼각형.cpp">
      <Filter>소스 파일\BOJ</Filter>
    </ClCompile>
    <ClCompile Include="BOJ_9095_1 2 3 더하기.cpp">
      <Filter>소스 파일\BOJ</Filter>
    </ClCompile>
    <ClCompile Include="BOJ_3986_좋은 단어.cpp">
      <Filter>소스 파일\BOJ</Filter>
    </ClCompile>
    <ClCompile Include="BOJ_1062_가르침.cpp">
      <Filter>소스 파일\BOJ</Filter>
    </ClCompile>
    <ClCompile Include="BOJ_2002_추월.cpp">
      <Filter>소스 파일\BOJ</Filter>
    </ClCompile>
    <ClCompile Include="BOJ_1026_보물.cpp">
      <Filter>소스 파일\BOJ</Filter>
    </ClCompile>
    <ClCompile Include="BOJ_1599_민식어.cpp">
      <Filter>소스 파일\BOJ</Filter>
    </ClCompile>
    <ClCompile Include="BOJ_19236_청소년 상어.cpp">
      <Filter>소스 파일\BOJ</Filter>
    </ClCompile>
    <ClCompile Include="BOJ_1261_알고스팟.cpp">
      <Filter>소스 파일\BOJ</Filter>
    </ClCompile>
    <ClCompile Include="BOJ_1012_유기농 배추.cpp">
      <Filter>소스 파일\BOJ</Filter>
    </ClCompile>
    <ClCompile Include="BOJ_11723_집합.cpp">
      <Filter>소스 파일\BOJ</Filter>
    </ClCompile>
    <ClCompile Include="BOJ_1759_암호 만들기.cpp">
      <Filter>소스 파일\BOJ</Filter>
    </ClCompile>
    <ClCompile Include="BOJ_19237_어른 상어.cpp">
      <Filter>소스 파일\BOJ</Filter>
    </ClCompile>
    <ClCompile Include="BOJ_19238_스타트 택시.cpp">
      <Filter>소스 파일\BOJ</Filter>
    </ClCompile>
    <ClCompile Include="BOJ_2668_숫자 고르기.cpp">
      <Filter>소스 파일\BOJ</Filter>
    </ClCompile>
    <ClCompile Include="BOJ_9466_텀 프로젝트.cpp">
      <Filter>소스 파일\BOJ</Filter>
    </ClCompile>
    <ClCompile Include="BOJ_14938_서강그라운드.cpp">
      <Filter>소스 파일\BOJ</Filter>
    </ClCompile>
    <ClCompile Include="PGM_2020 카카오인턴십_키패드.cpp">
      <Filter>소스 파일\PGM</Filter>
    </ClCompile>
    <ClCompile Include="PGM_2020 카카오인턴십_수식 최대화_다른방식.cpp">
      <Filter>소스 파일\PGM</Filter>
    </ClCompile>
    <ClCompile Include="PGM_2020 카카오인턴십_수식 최대화.cpp">
      <Filter>소스 파일\PGM</Filter>
    </ClCompile>
    <ClCompile Include="PGM_2020 카카오인턴십_보석쇼핑.cpp">
      <Filter>소스 파일\PGM</Filter>
    </ClCompile>
    <ClCompile Include="PGM_2020 카카오인턴십_경주로 건설.cpp">
      <Filter>소스 파일\PGM</Filter>
    </ClCompile>
    <ClCompile Include="BOJ_2178_미로탐색.cpp">
      <Filter>소스 파일\BOJ</Filter>
    </ClCompile>
    <ClCompile Include="BOJ_2504_괄호의 값.cpp">
      <Filter>소스 파일\BOJ</Filter>
    </ClCompile>
    <ClCompile Include="BOJ_1966_프린터 큐.cpp">
      <Filter>소스 파일\BOJ</Filter>
    </ClCompile>
    <ClCompile Include="BOJ_1152_단어의 개수.cpp">
      <Filter>소스 파일\BOJ</Filter>
    </ClCompile>
    <ClCompile Include="Union-Find.cpp">
      <Filter>소스 파일\Algorithm</Filter>
    </ClCompile>
    <ClCompile Include="Floyd-Warshall%28플로이드-워샬 알고리즘%29.cpp">
      <Filter>소스 파일\Algorithm</Filter>
    </ClCompile>
    <ClCompile Include="BOJ_11404_플로이드.cpp">
      <Filter>소스 파일\BOJ</Filter>
    </ClCompile>
    <ClCompile Include="BOJ_1238_파티.cpp">
      <Filter>소스 파일\BOJ</Filter>
    </ClCompile>
    <ClCompile Include="BOJ_9205_맥주 마시면서 걸어가기.cpp">
      <Filter>소스 파일\BOJ</Filter>
    </ClCompile>
  </ItemGroup>
</Project>